// !$*UTF8*$!
{
	archiveVersion = 1;
	classes = {
	};
	objectVersion = 77;
	objects = {

/* Begin PBXContainerItemProxy section */
		B4D720642DF69C5C004DBD22 /* PBXContainerItemProxy */ = {
			isa = PBXContainerItemProxy;
			containerPortal = B4D720452DF69C30004DBD22 /* Project object */;
			proxyType = 1;
			remoteGlobalIDString = B4D7204C2DF69C30004DBD22;
			remoteInfo = "Blue Calculator";
		};
		B4D7206E2DF69C5C004DBD22 /* PBXContainerItemProxy */ = {
			isa = PBXContainerItemProxy;
			containerPortal = B4D720452DF69C30004DBD22 /* Project object */;
			proxyType = 1;
			remoteGlobalIDString = B4D7204C2DF69C30004DBD22;
			remoteInfo = "Blue Calculator";
		};
/* End PBXContainerItemProxy section */

/* Begin PBXFileReference section */
		B4D7204D2DF69C30004DBD22 /* Blue Calculator.app */ = {isa = PBXFileReference; explicitFileType = wrapper.application; includeInIndex = 0; path = "Blue Calculator.app"; sourceTree = BUILT_PRODUCTS_DIR; };
		B4D720632DF69C5C004DBD22 /* Blue CalculatorTests.xctest */ = {isa = PBXFileReference; explicitFileType = wrapper.cfbundle; includeInIndex = 0; path = "Blue CalculatorTests.xctest"; sourceTree = BUILT_PRODUCTS_DIR; };
		B4D7206D2DF69C5C004DBD22 /* Blue CalculatorUITests.xctest */ = {isa = PBXFileReference; explicitFileType = wrapper.cfbundle; includeInIndex = 0; path = "Blue CalculatorUITests.xctest"; sourceTree = BUILT_PRODUCTS_DIR; };
/* End PBXFileReference section */

/* Begin PBXFileSystemSynchronizedBuildFileExceptionSet section */
		B4D720752DF69C5C004DBD22 /* Exceptions for "Blue Calculator" folder in "Blue Calculator" target */ = {
			isa = PBXFileSystemSynchronizedBuildFileExceptionSet;
			membershipExceptions = (
				Info.plist,
			);
			target = B4D7204C2DF69C30004DBD22 /* Blue Calculator */;
		};
/* End PBXFileSystemSynchronizedBuildFileExceptionSet section */

/* Begin PBXFileSystemSynchronizedRootGroup section */
		B4D7204F2DF69C30004DBD22 /* Blue Calculator */ = {
			isa = PBXFileSystemSynchronizedRootGroup;
			exceptions = (
				B4D720752DF69C5C004DBD22 /* Exceptions for "Blue Calculator" folder in "Blue Calculator" target */,
			);
			path = "Blue Calculator";
			sourceTree = "<group>";
		};
		B4D720662DF69C5C004DBD22 /* Blue CalculatorTests */ = {
			isa = PBXFileSystemSynchronizedRootGroup;
			path = "Blue CalculatorTests";
			sourceTree = "<group>";
		};
		B4D720702DF69C5C004DBD22 /* Blue CalculatorUITests */ = {
			isa = PBXFileSystemSynchronizedRootGroup;
			path = "Blue CalculatorUITests";
			sourceTree = "<group>";
		};
/* End PBXFileSystemSynchronizedRootGroup section */

/* Begin PBXFrameworksBuildPhase section */
		B4D7204A2DF69C30004DBD22 /* Frameworks */ = {
			isa = PBXFrameworksBuildPhase;
			buildActionMask = 2147483647;
			files = (
			);
			runOnlyForDeploymentPostprocessing = 0;
		};
		B4D720602DF69C5C004DBD22 /* Frameworks */ = {
			isa = PBXFrameworksBuildPhase;
			buildActionMask = 2147483647;
			files = (
			);
			runOnlyForDeploymentPostprocessing = 0;
		};
		B4D7206A2DF69C5C004DBD22 /* Frameworks */ = {
			isa = PBXFrameworksBuildPhase;
			buildActionMask = 2147483647;
			files = (
			);
			runOnlyForDeploymentPostprocessing = 0;
		};
/* End PBXFrameworksBuildPhase section */

/* Begin PBXGroup section */
		B4D720442DF69C30004DBD22 = {
			isa = PBXGroup;
			children = (
				B4D7204F2DF69C30004DBD22 /* Blue Calculator */,
				B4D720662DF69C5C004DBD22 /* Blue CalculatorTests */,
				B4D720702DF69C5C004DBD22 /* Blue CalculatorUITests */,
				B4D7204E2DF69C30004DBD22 /* Products */,
			);
			sourceTree = "<group>";
		};
		B4D7204E2DF69C30004DBD22 /* Products */ = {
			isa = PBXGroup;
			children = (
				B4D7204D2DF69C30004DBD22 /* Blue Calculator.app */,
				B4D720632DF69C5C004DBD22 /* Blue CalculatorTests.xctest */,
				B4D7206D2DF69C5C004DBD22 /* Blue CalculatorUITests.xctest */,
			);
			name = Products;
			sourceTree = "<group>";
		};
/* End PBXGroup section */

/* Begin PBXNativeTarget section */
		B4D7204C2DF69C30004DBD22 /* Blue Calculator */ = {
			isa = PBXNativeTarget;
			buildConfigurationList = B4D720762DF69C5C004DBD22 /* Build configuration list for PBXNativeTarget "Blue Calculator" */;
			buildPhases = (
				B4D720492DF69C30004DBD22 /* Sources */,
				B4D7204A2DF69C30004DBD22 /* Frameworks */,
				B4D7204B2DF69C30004DBD22 /* Resources */,
			);
			buildRules = (
			);
			dependencies = (
			);
			fileSystemSynchronizedGroups = (
				B4D7204F2DF69C30004DBD22 /* Blue Calculator */,
			);
			name = "Blue Calculator";
			packageProductDependencies = (
			);
			productName = "Blue Calculator";
			productReference = B4D7204D2DF69C30004DBD22 /* Blue Calculator.app */;
			productType = "com.apple.product-type.application";
		};
		B4D720622DF69C5C004DBD22 /* Blue CalculatorTests */ = {
			isa = PBXNativeTarget;
			buildConfigurationList = B4D7207B2DF69C5C004DBD22 /* Build configuration list for PBXNativeTarget "Blue CalculatorTests" */;
			buildPhases = (
				B4D7205F2DF69C5C004DBD22 /* Sources */,
				B4D720602DF69C5C004DBD22 /* Frameworks */,
				B4D720612DF69C5C004DBD22 /* Resources */,
			);
			buildRules = (
			);
			dependencies = (
				B4D720652DF69C5C004DBD22 /* PBXTargetDependency */,
			);
			fileSystemSynchronizedGroups = (
				B4D720662DF69C5C004DBD22 /* Blue CalculatorTests */,
			);
			name = "Blue CalculatorTests";
			packageProductDependencies = (
			);
			productName = "Blue CalculatorTests";
			productReference = B4D720632DF69C5C004DBD22 /* Blue CalculatorTests.xctest */;
			productType = "com.apple.product-type.bundle.unit-test";
		};
		B4D7206C2DF69C5C004DBD22 /* Blue CalculatorUITests */ = {
			isa = PBXNativeTarget;
			buildConfigurationList = B4D7207E2DF69C5C004DBD22 /* Build configuration list for PBXNativeTarget "Blue CalculatorUITests" */;
			buildPhases = (
				B4D720692DF69C5C004DBD22 /* Sources */,
				B4D7206A2DF69C5C004DBD22 /* Frameworks */,
				B4D7206B2DF69C5C004DBD22 /* Resources */,
			);
			buildRules = (
			);
			dependencies = (
				B4D7206F2DF69C5C004DBD22 /* PBXTargetDependency */,
			);
			fileSystemSynchronizedGroups = (
				B4D720702DF69C5C004DBD22 /* Blue CalculatorUITests */,
			);
			name = "Blue CalculatorUITests";
			packageProductDependencies = (
			);
			productName = "Blue CalculatorUITests";
			productReference = B4D7206D2DF69C5C004DBD22 /* Blue CalculatorUITests.xctest */;
			productType = "com.apple.product-type.bundle.ui-testing";
		};
/* End PBXNativeTarget section */

/* Begin PBXProject section */
		B4D720452DF69C30004DBD22 /* Project object */ = {
			isa = PBXProject;
			attributes = {
				BuildIndependentTargetsInParallel = 1;
				LastSwiftUpdateCheck = 1640;
				LastUpgradeCheck = 1640;
				TargetAttributes = {
					B4D7204C2DF69C30004DBD22 = {
						CreatedOnToolsVersion = 16.4;
					};
					B4D720622DF69C5C004DBD22 = {
						CreatedOnToolsVersion = 16.4;
						TestTargetID = B4D7204C2DF69C30004DBD22;
					};
					B4D7206C2DF69C5C004DBD22 = {
						CreatedOnToolsVersion = 16.4;
						TestTargetID = B4D7204C2DF69C30004DBD22;
					};
				};
			};
			buildConfigurationList = B4D720482DF69C30004DBD22 /* Build configuration list for PBXProject "Blue Calculator" */;
			developmentRegion = en;
			hasScannedForEncodings = 0;
			knownRegions = (
				en,
				Base,
			);
			mainGroup = B4D720442DF69C30004DBD22;
			minimizedProjectReferenceProxies = 1;
			preferredProjectObjectVersion = 77;
			productRefGroup = B4D7204E2DF69C30004DBD22 /* Products */;
			projectDirPath = "";
			projectRoot = "";
			targets = (
				B4D7204C2DF69C30004DBD22 /* Blue Calculator */,
				B4D720622DF69C5C004DBD22 /* Blue CalculatorTests */,
				B4D7206C2DF69C5C004DBD22 /* Blue CalculatorUITests */,
			);
		};
/* End PBXProject section */

/* Begin PBXResourcesBuildPhase section */
		B4D7204B2DF69C30004DBD22 /* Resources */ = {
			isa = PBXResourcesBuildPhase;
			buildActionMask = 2147483647;
			files = (
			);
			runOnlyForDeploymentPostprocessing = 0;
		};
		B4D720612DF69C5C004DBD22 /* Resources */ = {
			isa = PBXResourcesBuildPhase;
			buildActionMask = 2147483647;
			files = (
			);
			runOnlyForDeploymentPostprocessing = 0;
		};
		B4D7206B2DF69C5C004DBD22 /* Resources */ = {
			isa = PBXResourcesBuildPhase;
			buildActionMask = 2147483647;
			files = (
			);
			runOnlyForDeploymentPostprocessing = 0;
		};
/* End PBXResourcesBuildPhase section */

/* Begin PBXSourcesBuildPhase section */
		B4D720492DF69C30004DBD22 /* Sources */ = {
			isa = PBXSourcesBuildPhase;
			buildActionMask = 2147483647;
			files = (
			);
			runOnlyForDeploymentPostprocessing = 0;
		};
		B4D7205F2DF69C5C004DBD22 /* Sources */ = {
			isa = PBXSourcesBuildPhase;
			buildActionMask = 2147483647;
			files = (
			);
			runOnlyForDeploymentPostprocessing = 0;
		};
		B4D720692DF69C5C004DBD22 /* Sources */ = {
			isa = PBXSourcesBuildPhase;
			buildActionMask = 2147483647;
			files = (
			);
			runOnlyForDeploymentPostprocessing = 0;
		};
/* End PBXSourcesBuildPhase section */

/* Begin PBXTargetDependency section */
		B4D720652DF69C5C004DBD22 /* PBXTargetDependency */ = {
			isa = PBXTargetDependency;
			target = B4D7204C2DF69C30004DBD22 /* Blue Calculator */;
			targetProxy = B4D720642DF69C5C004DBD22 /* PBXContainerItemProxy */;
		};
		B4D7206F2DF69C5C004DBD22 /* PBXTargetDependency */ = {
			isa = PBXTargetDependency;
			target = B4D7204C2DF69C30004DBD22 /* Blue Calculator */;
			targetProxy = B4D7206E2DF69C5C004DBD22 /* PBXContainerItemProxy */;
		};
/* End PBXTargetDependency section */

/* Begin XCBuildConfiguration section */
		B4D720772DF69C5C004DBD22 /* Debug */ = {
			isa = XCBuildConfiguration;
			buildSettings = {
				ASSETCATALOG_COMPILER_APPICON_NAME = AppIcon;
				ASSETCATALOG_COMPILER_GLOBAL_ACCENT_COLOR_NAME = AccentColor;
				CODE_SIGN_STYLE = Automatic;
				CURRENT_PROJECT_VERSION = 1;
				GENERATE_INFOPLIST_FILE = YES;
				INFOPLIST_FILE = "Blue Calculator/Info.plist";
				INFOPLIST_KEY_UIApplicationSupportsIndirectInputEvents = YES;
				INFOPLIST_KEY_UILaunchStoryboardName = LaunchScreen;
				INFOPLIST_KEY_UIMainStoryboardFile = Main;
				INFOPLIST_KEY_UISupportedInterfaceOrientations_iPad = "UIInterfaceOrientationPortrait UIInterfaceOrientationPortraitUpsideDown UIInterfaceOrientationLandscapeLeft UIInterfaceOrientationLandscapeRight";
				INFOPLIST_KEY_UISupportedInterfaceOrientations_iPhone = "UIInterfaceOrientationPortrait UIInterfaceOrientationLandscapeLeft UIInterfaceOrientationLandscapeRight";
				LD_RUNPATH_SEARCH_PATHS = (
					"$(inherited)",
					"@executable_path/Frameworks",
				);
				MARKETING_VERSION = 1.0;
				PRODUCT_BUNDLE_IDENTIFIER = "edu.auburn.onlinecsse.Blue-Calculator";
				PRODUCT_NAME = "$(TARGET_NAME)";
				SWIFT_EMIT_LOC_STRINGS = YES;
				SWIFT_VERSION = 5.0;
				TARGETED_DEVICE_FAMILY = "1,2";
			};
			name = Debug;
		};
		B4D720782DF69C5C004DBD22 /* Release */ = {
			isa = XCBuildConfiguration;
			buildSettings = {
				ASSETCATALOG_COMPILER_APPICON_NAME = AppIcon;
				ASSETCATALOG_COMPILER_GLOBAL_ACCENT_COLOR_NAME = AccentColor;
				CODE_SIGN_STYLE = Automatic;
				CURRENT_PROJECT_VERSION = 1;
				GENERATE_INFOPLIST_FILE = YES;
				INFOPLIST_FILE = "Blue Calculator/Info.plist";
				INFOPLIST_KEY_UIApplicationSupportsIndirectInputEvents = YES;
				INFOPLIST_KEY_UILaunchStoryboardName = LaunchScreen;
				INFOPLIST_KEY_UIMainStoryboardFile = Main;
				INFOPLIST_KEY_UISupportedInterfaceOrientations_iPad = "UIInterfaceOrientationPortrait UIInterfaceOrientationPortraitUpsideDown UIInterfaceOrientationLandscapeLeft UIInterfaceOrientationLandscapeRight";
				INFOPLIST_KEY_UISupportedInterfaceOrientations_iPhone = "UIInterfaceOrientationPortrait UIInterfaceOrientationLandscapeLeft UIInterfaceOrientationLandscapeRight";
				LD_RUNPATH_SEARCH_PATHS = (
					"$(inherited)",
					"@executable_path/Frameworks",
				);
				MARKETING_VERSION = 1.0;
				PRODUCT_BUNDLE_IDENTIFIER = "edu.auburn.onlinecsse.Blue-Calculator";
				PRODUCT_NAME = "$(TARGET_NAME)";
				SWIFT_EMIT_LOC_STRINGS = YES;
				SWIFT_VERSION = 5.0;
				TARGETED_DEVICE_FAMILY = "1,2";
			};
			name = Release;
		};
		B4D720792DF69C5C004DBD22 /* Debug */ = {
			isa = XCBuildConfiguration;
			buildSettings = {
				ALWAYS_SEARCH_USER_PATHS = NO;
				ASSETCATALOG_COMPILER_GENERATE_SWIFT_ASSET_SYMBOL_EXTENSIONS = YES;
				CLANG_ANALYZER_NONNULL = YES;
				CLANG_ANALYZER_NUMBER_OBJECT_CONVERSION = YES_AGGRESSIVE;
				CLANG_CXX_LANGUAGE_STANDARD = "gnu++20";
				CLANG_ENABLE_MODULES = YES;
				CLANG_ENABLE_OBJC_ARC = YES;
				CLANG_ENABLE_OBJC_WEAK = YES;
				CLANG_WARN_BLOCK_CAPTURE_AUTORELEASING = YES;
				CLANG_WARN_BOOL_CONVERSION = YES;
				CLANG_WARN_COMMA = YES;
				CLANG_WARN_CONSTANT_CONVERSION = YES;
				CLANG_WARN_DEPRECATED_OBJC_IMPLEMENTATIONS = YES;
				CLANG_WARN_DIRECT_OBJC_ISA_USAGE = YES_ERROR;
				CLANG_WARN_DOCUMENTATION_COMMENTS = YES;
				CLANG_WARN_EMPTY_BODY = YES;
				CLANG_WARN_ENUM_CONVERSION = YES;
				CLANG_WARN_INFINITE_RECURSION = YES;
				CLANG_WARN_INT_CONVERSION = YES;
				CLANG_WARN_NON_LITERAL_NULL_CONVERSION = YES;
				CLANG_WARN_OBJC_IMPLICIT_RETAIN_SELF = YES;
				CLANG_WARN_OBJC_LITERAL_CONVERSION = YES;
				CLANG_WARN_OBJC_ROOT_CLASS = YES_ERROR;
				CLANG_WARN_QUOTED_INCLUDE_IN_FRAMEWORK_HEADER = YES;
				CLANG_WARN_RANGE_LOOP_ANALYSIS = YES;
				CLANG_WARN_STRICT_PROTOTYPES = YES;
				CLANG_WARN_SUSPICIOUS_MOVE = YES;
				CLANG_WARN_UNGUARDED_AVAILABILITY = YES_AGGRESSIVE;
				CLANG_WARN_UNREACHABLE_CODE = YES;
				CLANG_WARN__DUPLICATE_METHOD_MATCH = YES;
				COPY_PHASE_STRIP = NO;
				DEBUG_INFORMATION_FORMAT = dwarf;
				ENABLE_STRICT_OBJC_MSGSEND = YES;
				ENABLE_TESTABILITY = YES;
				ENABLE_USER_SCRIPT_SANDBOXING = YES;
				GCC_C_LANGUAGE_STANDARD = gnu17;
				GCC_DYNAMIC_NO_PIC = NO;
				GCC_NO_COMMON_BLOCKS = YES;
				GCC_OPTIMIZATION_LEVEL = 0;
				GCC_PREPROCESSOR_DEFINITIONS = (
					"DEBUG=1",
					"$(inherited)",
				);
				GCC_WARN_64_TO_32_BIT_CONVERSION = YES;
				GCC_WARN_ABOUT_RETURN_TYPE = YES_ERROR;
				GCC_WARN_UNDECLARED_SELECTOR = YES;
				GCC_WARN_UNINITIALIZED_AUTOS = YES_AGGRESSIVE;
				GCC_WARN_UNUSED_FUNCTION = YES;
				GCC_WARN_UNUSED_VARIABLE = YES;
				IPHONEOS_DEPLOYMENT_TARGET = 18.5;
				LOCALIZATION_PREFERS_STRING_CATALOGS = YES;
				MTL_ENABLE_DEBUG_INFO = INCLUDE_SOURCE;
				MTL_FAST_MATH = YES;
				ONLY_ACTIVE_ARCH = YES;
				SDKROOT = iphoneos;
				SWIFT_ACTIVE_COMPILATION_CONDITIONS = "DEBUG $(inherited)";
				SWIFT_OPTIMIZATION_LEVEL = "-Onone";
			};
			name = Debug;
		};
		B4D7207A2DF69C5C004DBD22 /* Release */ = {
			isa = XCBuildConfiguration;
			buildSettings = {
				ALWAYS_SEARCH_USER_PATHS = NO;
				ASSETCATALOG_COMPILER_GENERATE_SWIFT_ASSET_SYMBOL_EXTENSIONS = YES;
				CLANG_ANALYZER_NONNULL = YES;
				CLANG_ANALYZER_NUMBER_OBJECT_CONVERSION = YES_AGGRESSIVE;
				CLANG_CXX_LANGUAGE_STANDARD = "gnu++20";
				CLANG_ENABLE_MODULES = YES;
				CLANG_ENABLE_OBJC_ARC = YES;
				CLANG_ENABLE_OBJC_WEAK = YES;
				CLANG_WARN_BLOCK_CAPTURE_AUTORELEASING = YES;
				CLANG_WARN_BOOL_CONVERSION = YES;
				CLANG_WARN_COMMA = YES;
				CLANG_WARN_CONSTANT_CONVERSION = YES;
				CLANG_WARN_DEPRECATED_OBJC_IMPLEMENTATIONS = YES;
				CLANG_WARN_DIRECT_OBJC_ISA_USAGE = YES_ERROR;
				CLANG_WARN_DOCUMENTATION_COMMENTS = YES;
				CLANG_WARN_EMPTY_BODY = YES;
				CLANG_WARN_ENUM_CONVERSION = YES;
				CLANG_WARN_INFINITE_RECURSION = YES;
				CLANG_WARN_INT_CONVERSION = YES;
				CLANG_WARN_NON_LITERAL_NULL_CONVERSION = YES;
				CLANG_WARN_OBJC_IMPLICIT_RETAIN_SELF = YES;
				CLANG_WARN_OBJC_LITERAL_CONVERSION = YES;
				CLANG_WARN_OBJC_ROOT_CLASS = YES_ERROR;
				CLANG_WARN_QUOTED_INCLUDE_IN_FRAMEWORK_HEADER = YES;
				CLANG_WARN_RANGE_LOOP_ANALYSIS = YES;
				CLANG_WARN_STRICT_PROTOTYPES = YES;
				CLANG_WARN_SUSPICIOUS_MOVE = YES;
				CLANG_WARN_UNGUARDED_AVAILABILITY = YES_AGGRESSIVE;
				CLANG_WARN_UNREACHABLE_CODE = YES;
				CLANG_WARN__DUPLICATE_METHOD_MATCH = YES;
				COPY_PHASE_STRIP = NO;
				DEBUG_INFORMATION_FORMAT = "dwarf-with-dsym";
				ENABLE_NS_ASSERTIONS = NO;
				ENABLE_STRICT_OBJC_MSGSEND = YES;
				ENABLE_USER_SCRIPT_SANDBOXING = YES;
				GCC_C_LANGUAGE_STANDARD = gnu17;
				GCC_NO_COMMON_BLOCKS = YES;
				GCC_WARN_64_TO_32_BIT_CONVERSION = YES;
				GCC_WARN_ABOUT_RETURN_TYPE = YES_ERROR;
				GCC_WARN_UNDECLARED_SELECTOR = YES;
				GCC_WARN_UNINITIALIZED_AUTOS = YES_AGGRESSIVE;
				GCC_WARN_UNUSED_FUNCTION = YES;
				GCC_WARN_UNUSED_VARIABLE = YES;
				IPHONEOS_DEPLOYMENT_TARGET = 18.5;
				LOCALIZATION_PREFERS_STRING_CATALOGS = YES;
				MTL_ENABLE_DEBUG_INFO = NO;
				MTL_FAST_MATH = YES;
				SDKROOT = iphoneos;
				SWIFT_COMPILATION_MODE = wholemodule;
				VALIDATE_PRODUCT = YES;
			};
			name = Release;
		};
		B4D7207C2DF69C5C004DBD22 /* Debug */ = {
			isa = XCBuildConfiguration;
			buildSettings = {
				BUNDLE_LOADER = "$(TEST_HOST)";
				CODE_SIGN_STYLE = Automatic;
				CURRENT_PROJECT_VERSION = 1;
				GENERATE_INFOPLIST_FILE = YES;
				IPHONEOS_DEPLOYMENT_TARGET = 18.5;
				MARKETING_VERSION = 1.0;
				PRODUCT_BUNDLE_IDENTIFIER = "edu.auburn.onlinecsse.Blue-CalculatorTests";
				PRODUCT_NAME = "$(TARGET_NAME)";
				SWIFT_EMIT_LOC_STRINGS = NO;
				SWIFT_VERSION = 5.0;
				TARGETED_DEVICE_FAMILY = "1,2";
				TEST_HOST = "$(BUILT_PRODUCTS_DIR)/Blue Calculator.app/$(BUNDLE_EXECUTABLE_FOLDER_PATH)/Blue Calculator";
			};
			name = Debug;
		};
		B4D7207D2DF69C5C004DBD22 /* Release */ = {
			isa = XCBuildConfiguration;
			buildSettings = {
				BUNDLE_LOADER = "$(TEST_HOST)";
				CODE_SIGN_STYLE = Automatic;
				CURRENT_PROJECT_VERSION = 1;
				GENERATE_INFOPLIST_FILE = YES;
				IPHONEOS_DEPLOYMENT_TARGET = 18.5;
				MARKETING_VERSION = 1.0;
				PRODUCT_BUNDLE_IDENTIFIER = "edu.auburn.onlinecsse.Blue-CalculatorTests";
				PRODUCT_NAME = "$(TARGET_NAME)";
				SWIFT_EMIT_LOC_STRINGS = NO;
				SWIFT_VERSION = 5.0;
				TARGETED_DEVICE_FAMILY = "1,2";
				TEST_HOST = "$(BUILT_PRODUCTS_DIR)/Blue Calculator.app/$(BUNDLE_EXECUTABLE_FOLDER_PATH)/Blue Calculator";
			};
			name = Release;
		};
		B4D7207F2DF69C5C004DBD22 /* Debug */ = {
			isa = XCBuildConfiguration;
			buildSettings = {
				CODE_SIGN_STYLE = Automatic;
				CURRENT_PROJECT_VERSION = 1;
				GENERATE_INFOPLIST_FILE = YES;
				MARKETING_VERSION = 1.0;
				PRODUCT_BUNDLE_IDENTIFIER = "edu.auburn.onlinecsse.Blue-CalculatorUITests";
				PRODUCT_NAME = "$(TARGET_NAME)";
				SWIFT_EMIT_LOC_STRINGS = NO;
				SWIFT_VERSION = 5.0;
				TARGETED_DEVICE_FAMILY = "1,2";
				TEST_TARGET_NAME = "Blue Calculator";
			};
			name = Debug;
		};
		B4D720802DF69C5C004DBD22 /* Release */ = {
			isa = XCBuildConfiguration;
			buildSettings = {
				CODE_SIGN_STYLE = Automatic;
				CURRENT_PROJECT_VERSION = 1;
				GENERATE_INFOPLIST_FILE = YES;
				MARKETING_VERSION = 1.0;
				PRODUCT_BUNDLE_IDENTIFIER = "edu.auburn.onlinecsse.Blue-CalculatorUITests";
				PRODUCT_NAME = "$(TARGET_NAME)";
				SWIFT_EMIT_LOC_STRINGS = NO;
				SWIFT_VERSION = 5.0;
				TARGETED_DEVICE_FAMILY = "1,2";
				TEST_TARGET_NAME = "Blue Calculator";
			};
			name = Release;
		};
/* End XCBuildConfiguration section */

/* Begin XCConfigurationList section */
		B4D720482DF69C30004DBD22 /* Build configuration list for PBXProject "Blue Calculator" */ = {
			isa = XCConfigurationList;
			buildConfigurations = (
				B4D720792DF69C5C004DBD22 /* Debug */,
				B4D7207A2DF69C5C004DBD22 /* Release */,
			);
			defaultConfigurationIsVisible = 0;
			defaultConfigurationName = Release;
		};
		B4D720762DF69C5C004DBD22 /* Build configuration list for PBXNativeTarget "Blue Calculator" */ = {
			isa = XCConfigurationList;
			buildConfigurations = (
				B4D720772DF69C5C004DBD22 /* Debug */,
				B4D720782DF69C5C004DBD22 /* Release */,
			);
			defaultConfigurationIsVisible = 0;
			defaultConfigurationName = Release;
		};
		B4D7207B2DF69C5C004DBD22 /* Build configuration list for PBXNativeTarget "Blue CalculatorTests" */ = {
			isa = XCConfigurationList;
			buildConfigurations = (
				B4D7207C2DF69C5C004DBD22 /* Debug */,
				B4D7207D2DF69C5C004DBD22 /* Release */,
			);
			defaultConfigurationIsVisible = 0;
			defaultConfigurationName = Release;
		};
		B4D7207E2DF69C5C004DBD22 /* Build configuration list for PBXNativeTarget "Blue CalculatorUITests" */ = {
			isa = XCConfigurationList;
			buildConfigurations = (
				B4D7207F2DF69C5C004DBD22 /* Debug */,
				B4D720802DF69C5C004DBD22 /* Release */,
			);
			defaultConfigurationIsVisible = 0;
			defaultConfigurationName = Release;
		};
/* End XCConfigurationList section */
	};
	rootObject = B4D720452DF69C30004DBD22 /* Project object */;
}
